Microsoft Visual Studio Solution File, Format Version 12.00
# Visual Studio Version 17
VisualStudioVersion = 17.5.2.0
MinimumVisualStudioVersion = 10.0.40219.1
Project("{FAE04EC0-301F-11D3-BF4B-00C04F79EFBC}") = "Marker", "Marker.csproj", "{894B6D75-45AA-F514-91AD-620D5FE2F5CF}"
EndProject
Global
	GlobalSection(SolutionConfigurationPlatforms) = preSolution
		Debug|Any CPU = Debug|Any CPU
		Release|Any CPU = Release|Any CPU
	EndGlobalSection
	GlobalSection(ProjectConfigurationPlatforms) = postSolution
		{894B6D75-45AA-F514-91AD-620D5FE2F5CF}.Debug|Any CPU.ActiveCfg = Debug|Any CPU
		{894B6D75-45AA-F514-91AD-620D5FE2F5CF}.Debug|Any CPU.Build.0 = Debug|Any CPU
		{894B6D75-45AA-F514-91AD-620D5FE2F5CF}.Release|Any CPU.ActiveCfg = Release|Any CPU
		{894B6D75-45AA-F514-91AD-620D5FE2F5CF}.Release|Any CPU.Build.0 = Release|Any CPU
	EndGlobalSection
	GlobalSection(SolutionProperties) = preSolution
		HideSolutionNode = FALSE
	EndGlobalSection
	GlobalSection(ExtensibilityGlobals) = postSolution
		SolutionGuid = {8F072B11-58AC-424C-9F40-18B5FD00402A}
	EndGlobalSection
EndGlobal
